
Microsoft Visual Studio Solution File, Format Version 12.00
# Visual Studio Version 16
VisualStudioVersion = 16.0.31019.35
MinimumVisualStudioVersion = 10.0.40219.1
Project("{9A19103F-16F7-4668-BE54-9A1E7A4F7556}") = "Projeto Figuras", "Teste Pedro\Projeto Figuras.csproj", "{D93CFF46-4228-4A60-B48B-4DD4610C600A}"
EndProject
Global
	GlobalSection(SolutionConfigurationPlatforms) = preSolution
		Debug|Any CPU = Debug|Any CPU
		Release|Any CPU = Release|Any CPU
	EndGlobalSection
	GlobalSection(ProjectConfigurationPlatforms) = postSolution
		{D93CFF46-4228-4A60-B48B-4DD4610C600A}.Debug|Any CPU.ActiveCfg = Debug|Any CPU
		{D93CFF46-4228-4A60-B48B-4DD4610C600A}.Debug|Any CPU.Build.0 = Debug|Any CPU
		{D93CFF46-4228-4A60-B48B-4DD4610C600A}.Release|Any CPU.ActiveCfg = Release|Any CPU
		{D93CFF46-4228-4A60-B48B-4DD4610C600A}.Release|Any CPU.Build.0 = Release|Any CPU
	EndGlobalSection
	GlobalSection(SolutionProperties) = preSolution
		HideSolutionNode = FALSE
	EndGlobalSection
	GlobalSection(ExtensibilityGlobals) = postSolution
		SolutionGuid = {8A031D72-5987-4803-AA3A-05D854D2E7CC}
	EndGlobalSection
EndGlobal
